
Microsoft Visual Studio Solution File, Format Version 12.00
# Visual Studio Version 17
VisualStudioVersion = 17.9.34622.214
MinimumVisualStudioVersion = 10.0.40219.1
Project("{9A19103F-16F7-4668-BE54-9A1E7A4F7556}") = "HiveAPI", "HiveAPI\HiveAPI.csproj", "{7D5F2B1D-080A-4495-AEB6-6DC3E64E4548}"
EndProject
Project("{FAE04EC0-301F-11D3-BF4B-00C04F79EFBC}") = "TestProject", "TestProject\TestProject.csproj", "{1E073EF6-44E5-48EA-977E-7B8AB9950DD2}"
EndProject
Global
	GlobalSection(SolutionConfigurationPlatforms) = preSolution
		Debug|Any CPU = Debug|Any CPU
		Release|Any CPU = Release|Any CPU
	EndGlobalSection
	GlobalSection(ProjectConfigurationPlatforms) = postSolution
		{7D5F2B1D-080A-4495-AEB6-6DC3E64E4548}.Debug|Any CPU.ActiveCfg = Debug|Any CPU
		{7D5F2B1D-080A-4495-AEB6-6DC3E64E4548}.Debug|Any CPU.Build.0 = Debug|Any CPU
		{7D5F2B1D-080A-4495-AEB6-6DC3E64E4548}.Release|Any CPU.ActiveCfg = Release|Any CPU
		{7D5F2B1D-080A-4495-AEB6-6DC3E64E4548}.Release|Any CPU.Build.0 = Release|Any CPU
		{1E073EF6-44E5-48EA-977E-7B8AB9950DD2}.Debug|Any CPU.ActiveCfg = Debug|Any CPU
		{1E073EF6-44E5-48EA-977E-7B8AB9950DD2}.Debug|Any CPU.Build.0 = Debug|Any CPU
		{1E073EF6-44E5-48EA-977E-7B8AB9950DD2}.Release|Any CPU.ActiveCfg = Release|Any CPU
		{1E073EF6-44E5-48EA-977E-7B8AB9950DD2}.Release|Any CPU.Build.0 = Release|Any CPU
	EndGlobalSection
	GlobalSection(SolutionProperties) = preSolution
		HideSolutionNode = FALSE
	EndGlobalSection
	GlobalSection(ExtensibilityGlobals) = postSolution
		SolutionGuid = {E939D48D-4667-4C0A-B76A-9BA74A507AEB}
	EndGlobalSection
EndGlobal
